
Microsoft Visual Studio Solution File, Format Version 10.00
# Visual Studio 2008
Project("{FAE04EC0-301F-11D3-BF4B-00C04F79EFBC}") = "DeviceMonitor", "DeviceMonitor\DeviceMonitor.csproj", "{611F2191-7A58-44A0-AA74-CD9767A7271E}"
EndProject
Project("{FAE04EC0-301F-11D3-BF4B-00C04F79EFBC}") = "ClientTest", "ClientTest\ClientTest.csproj", "{DE82ECB9-A657-4AC0-88CD-AF5171FF79D8}"
EndProject
Global
	GlobalSection(SolutionConfigurationPlatforms) = preSolution
		Debug|Any CPU = Debug|Any CPU
		Release|Any CPU = Release|Any CPU
	EndGlobalSection
	GlobalSection(ProjectConfigurationPlatforms) = postSolution
		{611F2191-7A58-44A0-AA74-CD9767A7271E}.Debug|Any CPU.ActiveCfg = Debug|Any CPU
		{611F2191-7A58-44A0-AA74-CD9767A7271E}.Debug|Any CPU.Build.0 = Debug|Any CPU
		{611F2191-7A58-44A0-AA74-CD9767A7271E}.Release|Any CPU.ActiveCfg = Release|Any CPU
		{611F2191-7A58-44A0-AA74-CD9767A7271E}.Release|Any CPU.Build.0 = Release|Any CPU
		{DE82ECB9-A657-4AC0-88CD-AF5171FF79D8}.Debug|Any CPU.ActiveCfg = Debug|Any CPU
		{DE82ECB9-A657-4AC0-88CD-AF5171FF79D8}.Debug|Any CPU.Build.0 = Debug|Any CPU
		{DE82ECB9-A657-4AC0-88CD-AF5171FF79D8}.Release|Any CPU.ActiveCfg = Release|Any CPU
		{DE82ECB9-A657-4AC0-88CD-AF5171FF79D8}.Release|Any CPU.Build.0 = Release|Any CPU
	EndGlobalSection
	GlobalSection(SolutionProperties) = preSolution
		HideSolutionNode = FALSE
	EndGlobalSection
EndGlobal
